
Microsoft Visual Studio Solution File, Format Version 12.00
# Visual Studio 15
VisualStudioVersion = 15.0.28307.136
MinimumVisualStudioVersion = 10.0.40219.1
Project("{9A19103F-16F7-4668-BE54-9A1E7A4F7556}") = "Artemis.QueryNode.Application", "Artemis.QueryNode.Application\Artemis.QueryNode.Application.csproj", "{14C941A5-6097-41F5-9592-5106501149B8}"
EndProject
Project("{E53339B2-1760-4266-BCC7-CA923CBCF16C}") = "docker-compose", "docker-compose.dcproj", "{5A57C422-B381-4B3F-9E82-E2867F9CD87E}"
EndProject
Global
	GlobalSection(SolutionConfigurationPlatforms) = preSolution
		Debug|Any CPU = Debug|Any CPU
		Release|Any CPU = Release|Any CPU
	EndGlobalSection
	GlobalSection(ProjectConfigurationPlatforms) = postSolution
		{14C941A5-6097-41F5-9592-5106501149B8}.Debug|Any CPU.ActiveCfg = Debug|Any CPU
		{14C941A5-6097-41F5-9592-5106501149B8}.Debug|Any CPU.Build.0 = Debug|Any CPU
		{14C941A5-6097-41F5-9592-5106501149B8}.Release|Any CPU.ActiveCfg = Release|Any CPU
		{14C941A5-6097-41F5-9592-5106501149B8}.Release|Any CPU.Build.0 = Release|Any CPU
		{5A57C422-B381-4B3F-9E82-E2867F9CD87E}.Debug|Any CPU.ActiveCfg = Debug|Any CPU
		{5A57C422-B381-4B3F-9E82-E2867F9CD87E}.Debug|Any CPU.Build.0 = Debug|Any CPU
		{5A57C422-B381-4B3F-9E82-E2867F9CD87E}.Release|Any CPU.ActiveCfg = Release|Any CPU
		{5A57C422-B381-4B3F-9E82-E2867F9CD87E}.Release|Any CPU.Build.0 = Release|Any CPU
	EndGlobalSection
	GlobalSection(SolutionProperties) = preSolution
		HideSolutionNode = FALSE
	EndGlobalSection
	GlobalSection(ExtensibilityGlobals) = postSolution
		SolutionGuid = {D6E0E099-F90A-45FA-9CA5-1B8C85CA7712}
	EndGlobalSection
EndGlobal
